{
  "originHash" : "fbc58f47fad442cc0c9b1b908706cdf6dec503d283349abf245ceedfd7fc52bd",
  "pins" : [
    {
      "identity" : "slidekit",
      "kind" : "remoteSourceControl",
      "location" : "https://github.com/mtj0928/SlideKit.git",
      "state" : {
        "revision" : "ee71d2a687da199bf04d42a3ff13b9a1810fe4f1",
        "version" : "0.7.0"
      }
    },
    {
      "identity" : "swift-syntax",
      "kind" : "remoteSourceControl",
      "location" : "https://github.com/swiftlang/swift-syntax",
      "state" : {
        "revision" : "f99ae8aa18f0cf0d53481901f88a0991dc3bd4a2",
        "version" : "601.0.1"
      }
    },
    {
      "identity" : "syntaxink",
      "kind" : "remoteSourceControl",
      "location" : "https://github.com/mtj0928/SyntaxInk",
      "state" : {
        "revision" : "66fea7139f8e27cc2ac7c42fa9a5167c59685e16",
        "version" : "0.0.2"
      }
    },
    {
      "identity" : "youtubeplayerkit",
      "kind" : "remoteSourceControl",
      "location" : "https://github.com/SvenTiigi/YouTubePlayerKit.git",
      "state" : {
        "revision" : "29ef4217810e15ce8c7fce6608a1eecd0935b621",
        "version" : "2.0.0"
      }
    }
  ],
  "version" : 3
}
